
Microsoft Visual Studio Solution File, Format Version 12.00
# Visual Studio Version 17
VisualStudioVersion = 17.3.32708.82
MinimumVisualStudioVersion = 10.0.40219.1
Project("{FAE04EC0-301F-11D3-BF4B-00C04F79EFBC}") = "SpeedometerWebAssembly", "SpeedometerWebAssembly\SpeedometerWebAssembly.csproj", "{473E8D51-6E11-4971-B1F7-149C549D7820}"
EndProject
Global
	GlobalSection(SolutionConfigurationPlatforms) = preSolution
		Debug|Any CPU = Debug|Any CPU
		Release|Any CPU = Release|Any CPU
	EndGlobalSection
	GlobalSection(ProjectConfigurationPlatforms) = postSolution
		{473E8D51-6E11-4971-B1F7-149C549D7820}.Debug|Any CPU.ActiveCfg = Debug|Any CPU
		{473E8D51-6E11-4971-B1F7-149C549D7820}.Debug|Any CPU.Build.0 = Debug|Any CPU
		{473E8D51-6E11-4971-B1F7-149C549D7820}.Release|Any CPU.ActiveCfg = Release|Any CPU
		{473E8D51-6E11-4971-B1F7-149C549D7820}.Release|Any CPU.Build.0 = Release|Any CPU
	EndGlobalSection
	GlobalSection(SolutionProperties) = preSolution
		HideSolutionNode = FALSE
	EndGlobalSection
	GlobalSection(ExtensibilityGlobals) = postSolution
		SolutionGuid = {D43966C4-FC4D-4093-BA89-365D95BFA87B}
	EndGlobalSection
EndGlobal
